{
  "object": {
    "pins": [
      {
        "package": "BrightFutures",
        "repositoryURL": "https://github.com/Thomvis/BrightFutures.git",
        "state": {
          "branch": null,
          "revision": "9279defa6bdc21501ce740266e5a14d0119ddc63",
          "version": "8.0.1"
        }
      },
      {
        "package": "Erik",
        "repositoryURL": "https://github.com/phimage/Erik.git",
        "state": {
          "branch": null,
          "revision": "109a130e9cdb00789a43a7a625293eeb12d22989",
          "version": "5.1.0"
        }
      },
      {
        "package": "FileKit",
        "repositoryURL": "https://github.com/nvzqz/FileKit.git",
        "state": {
          "branch": null,
          "revision": "826d9161b184509f80d85c28cd612d630646de98",
          "version": "6.0.0"
        }
      },
      {
        "package": "Kanna",
        "repositoryURL": "https://github.com/tid-kijyun/Kanna.git",
        "state": {
          "branch": null,
          "revision": "c657fb9f5827ef138068215c76ad0bb62bbc92da",
          "version": "5.2.4"
        }
      },
      {
        "package": "Swifter",
        "repositoryURL": "https://github.com/httpswift/swifter.git",
        "state": {
          "branch": null,
          "revision": "9483a5d459b45c3ffd059f7b55f9638e268632fd",
          "version": "1.5.0"
        }
      }
    ]
  },
  "version": 1
}
