// !$*UTF8*$!
{
	archiveVersion = 1;
	classes = {
	};
	objectVersion = 46;
	objects = {

/* Begin PBXBuildFile section */
		F451E3E6195B8D030051434C /* AppDelegate.swift in Sources */ = {isa = PBXBuildFile; fileRef = F451E3E3195B8D030051434C /* AppDelegate.swift */; };
		F451E3E7195B8D030051434C /* Images.xcassets in Resources */ = {isa = PBXBuildFile; fileRef = F451E3E4195B8D030051434C /* Images.xcassets */; };
		F451E3FF195B8E910051434C /* ViewController.swift in Sources */ = {isa = PBXBuildFile; fileRef = F451E3FE195B8E910051434C /* ViewController.swift */; };
		F454D53119772AE500354060 /* Constants.swift in Sources */ = {isa = PBXBuildFile; fileRef = F454D53019772AE500354060 /* Constants.swift */; };
		F4D5500C1A62054000C759F5 /* Dictionary+OAuthSwift.swift in Sources */ = {isa = PBXBuildFile; fileRef = F4D550041A62054000C759F5 /* Dictionary+OAuthSwift.swift */; };
		F4D5500D1A62054000C759F5 /* NSURL+OAuthSwift.swift in Sources */ = {isa = PBXBuildFile; fileRef = F4D550051A62054000C759F5 /* NSURL+OAuthSwift.swift */; };
		F4D5500E1A62054000C759F5 /* String+OAuthSwift.swift in Sources */ = {isa = PBXBuildFile; fileRef = F4D550061A62054000C759F5 /* String+OAuthSwift.swift */; };
		F4D5500F1A62054000C759F5 /* OAuth1Swift.swift in Sources */ = {isa = PBXBuildFile; fileRef = F4D550071A62054000C759F5 /* OAuth1Swift.swift */; };
		F4D550101A62054000C759F5 /* OAuth2Swift.swift in Sources */ = {isa = PBXBuildFile; fileRef = F4D550081A62054000C759F5 /* OAuth2Swift.swift */; };
		F4D550111A62054000C759F5 /* OAuthSwiftClient.swift in Sources */ = {isa = PBXBuildFile; fileRef = F4D550091A62054000C759F5 /* OAuthSwiftClient.swift */; };
		F4D550121A62054000C759F5 /* OAuthSwiftCredential.swift in Sources */ = {isa = PBXBuildFile; fileRef = F4D5500A1A62054000C759F5 /* OAuthSwiftCredential.swift */; };
		F4D550131A62054000C759F5 /* OAuthSwiftHTTPRequest.swift in Sources */ = {isa = PBXBuildFile; fileRef = F4D5500B1A62054000C759F5 /* OAuthSwiftHTTPRequest.swift */; };
/* End PBXBuildFile section */

/* Begin PBXFileReference section */
		F451E3C5195B8CD80051434C /* OAuthSwift.app */ = {isa = PBXFileReference; explicitFileType = wrapper.application; includeInIndex = 0; path = OAuthSwift.app; sourceTree = BUILT_PRODUCTS_DIR; };
		F451E3E3195B8D030051434C /* AppDelegate.swift */ = {isa = PBXFileReference; fileEncoding = 4; lastKnownFileType = sourcecode.swift; path = AppDelegate.swift; sourceTree = "<group>"; };
		F451E3E4195B8D030051434C /* Images.xcassets */ = {isa = PBXFileReference; lastKnownFileType = folder.assetcatalog; path = Images.xcassets; sourceTree = "<group>"; };
		F451E3E5195B8D030051434C /* Info.plist */ = {isa = PBXFileReference; fileEncoding = 4; lastKnownFileType = text.plist.xml; path = Info.plist; sourceTree = "<group>"; };
		F451E3FE195B8E910051434C /* ViewController.swift */ = {isa = PBXFileReference; fileEncoding = 4; lastKnownFileType = sourcecode.swift; path = ViewController.swift; sourceTree = "<group>"; };
		F454D53019772AE500354060 /* Constants.swift */ = {isa = PBXFileReference; fileEncoding = 4; lastKnownFileType = sourcecode.swift; path = Constants.swift; sourceTree = "<group>"; };
		F4D550011A6204D300C759F5 /* OAuthSwift-Bridging-Header.h */ = {isa = PBXFileReference; fileEncoding = 4; lastKnownFileType = sourcecode.c.h; path = "OAuthSwift-Bridging-Header.h"; sourceTree = "<group>"; };
		F4D550041A62054000C759F5 /* Dictionary+OAuthSwift.swift */ = {isa = PBXFileReference; fileEncoding = 4; lastKnownFileType = sourcecode.swift; path = "Dictionary+OAuthSwift.swift"; sourceTree = "<group>"; };
		F4D550051A62054000C759F5 /* NSURL+OAuthSwift.swift */ = {isa = PBXFileReference; fileEncoding = 4; lastKnownFileType = sourcecode.swift; path = "NSURL+OAuthSwift.swift"; sourceTree = "<group>"; };
		F4D550061A62054000C759F5 /* String+OAuthSwift.swift */ = {isa = PBXFileReference; fileEncoding = 4; lastKnownFileType = sourcecode.swift; path = "String+OAuthSwift.swift"; sourceTree = "<group>"; };
		F4D550071A62054000C759F5 /* OAuth1Swift.swift */ = {isa = PBXFileReference; fileEncoding = 4; lastKnownFileType = sourcecode.swift; path = OAuth1Swift.swift; sourceTree = "<group>"; };
		F4D550081A62054000C759F5 /* OAuth2Swift.swift */ = {isa = PBXFileReference; fileEncoding = 4; lastKnownFileType = sourcecode.swift; path = OAuth2Swift.swift; sourceTree = "<group>"; };
		F4D550091A62054000C759F5 /* OAuthSwiftClient.swift */ = {isa = PBXFileReference; fileEncoding = 4; lastKnownFileType = sourcecode.swift; path = OAuthSwiftClient.swift; sourceTree = "<group>"; };
		F4D5500A1A62054000C759F5 /* OAuthSwiftCredential.swift */ = {isa = PBXFileReference; fileEncoding = 4; lastKnownFileType = sourcecode.swift; path = OAuthSwiftCredential.swift; sourceTree = "<group>"; };
		F4D5500B1A62054000C759F5 /* OAuthSwiftHTTPRequest.swift */ = {isa = PBXFileReference; fileEncoding = 4; lastKnownFileType = sourcecode.swift; path = OAuthSwiftHTTPRequest.swift; sourceTree = "<group>"; };
/* End PBXFileReference section */

/* Begin PBXFrameworksBuildPhase section */
		F451E3C2195B8CD80051434C /* Frameworks */ = {
			isa = PBXFrameworksBuildPhase;
			buildActionMask = 2147483647;
			files = (
			);
			runOnlyForDeploymentPostprocessing = 0;
		};
/* End PBXFrameworksBuildPhase section */

/* Begin PBXGroup section */
		F451E3BC195B8CD80051434C = {
			isa = PBXGroup;
			children = (
				F4D550021A62054000C759F5 /* OAuthSwift */,
				F451E3E2195B8D030051434C /* OAuthSwiftDemo */,
				F451E3C6195B8CD80051434C /* Products */,
			);
			sourceTree = "<group>";
		};
		F451E3C6195B8CD80051434C /* Products */ = {
			isa = PBXGroup;
			children = (
				F451E3C5195B8CD80051434C /* OAuthSwift.app */,
			);
			name = Products;
			sourceTree = "<group>";
		};
		F451E3E2195B8D030051434C /* OAuthSwiftDemo */ = {
			isa = PBXGroup;
			children = (
				F4D550011A6204D300C759F5 /* OAuthSwift-Bridging-Header.h */,
				F451E3E3195B8D030051434C /* AppDelegate.swift */,
				F451E3FE195B8E910051434C /* ViewController.swift */,
				F454D53019772AE500354060 /* Constants.swift */,
				F451E3E4195B8D030051434C /* Images.xcassets */,
				F451E3E5195B8D030051434C /* Info.plist */,
			);
			path = OAuthSwiftDemo;
			sourceTree = "<group>";
		};
		F4D550021A62054000C759F5 /* OAuthSwift */ = {
			isa = PBXGroup;
			children = (
				F4D550031A62054000C759F5 /* extension */,
				F4D550071A62054000C759F5 /* OAuth1Swift.swift */,
				F4D550081A62054000C759F5 /* OAuth2Swift.swift */,
				F4D550091A62054000C759F5 /* OAuthSwiftClient.swift */,
				F4D5500A1A62054000C759F5 /* OAuthSwiftCredential.swift */,
				F4D5500B1A62054000C759F5 /* OAuthSwiftHTTPRequest.swift */,
			);
			name = OAuthSwift;
			path = ../OAuthSwift;
			sourceTree = "<group>";
		};
		F4D550031A62054000C759F5 /* extension */ = {
			isa = PBXGroup;
			children = (
				F4D550041A62054000C759F5 /* Dictionary+OAuthSwift.swift */,
				F4D550051A62054000C759F5 /* NSURL+OAuthSwift.swift */,
				F4D550061A62054000C759F5 /* String+OAuthSwift.swift */,
			);
			path = extension;
			sourceTree = "<group>";
		};
/* End PBXGroup section */

/* Begin PBXNativeTarget section */
		F451E3C4195B8CD80051434C /* OAuthSwift */ = {
			isa = PBXNativeTarget;
			buildConfigurationList = F451E3DC195B8CD80051434C /* Build configuration list for PBXNativeTarget "OAuthSwift" */;
			buildPhases = (
				F451E3C1195B8CD80051434C /* Sources */,
				F451E3C2195B8CD80051434C /* Frameworks */,
				F451E3C3195B8CD80051434C /* Resources */,
			);
			buildRules = (
			);
			dependencies = (
			);
			name = OAuthSwift;
			productName = OAuthSwift;
			productReference = F451E3C5195B8CD80051434C /* OAuthSwift.app */;
			productType = "com.apple.product-type.application";
		};
/* End PBXNativeTarget section */

/* Begin PBXProject section */
		F451E3BD195B8CD80051434C /* Project object */ = {
			isa = PBXProject;
			attributes = {
				LastUpgradeCheck = 0600;
				ORGANIZATIONNAME = "Dongri Jin";
				TargetAttributes = {
					F451E3C4195B8CD80051434C = {
						CreatedOnToolsVersion = 6.0;
					};
				};
			};
			buildConfigurationList = F451E3C0195B8CD80051434C /* Build configuration list for PBXProject "OAuthSwift" */;
			compatibilityVersion = "Xcode 3.2";
			developmentRegion = English;
			hasScannedForEncodings = 0;
			knownRegions = (
				en,
			);
			mainGroup = F451E3BC195B8CD80051434C;
			productRefGroup = F451E3C6195B8CD80051434C /* Products */;
			projectDirPath = "";
			projectRoot = "";
			targets = (
				F451E3C4195B8CD80051434C /* OAuthSwift */,
			);
		};
/* End PBXProject section */

/* Begin PBXResourcesBuildPhase section */
		F451E3C3195B8CD80051434C /* Resources */ = {
			isa = PBXResourcesBuildPhase;
			buildActionMask = 2147483647;
			files = (
				F451E3E7195B8D030051434C /* Images.xcassets in Resources */,
			);
			runOnlyForDeploymentPostprocessing = 0;
		};
/* End PBXResourcesBuildPhase section */

/* Begin PBXSourcesBuildPhase section */
		F451E3C1195B8CD80051434C /* Sources */ = {
			isa = PBXSourcesBuildPhase;
			buildActionMask = 2147483647;
			files = (
				F451E3FF195B8E910051434C /* ViewController.swift in Sources */,
				F4D5500C1A62054000C759F5 /* Dictionary+OAuthSwift.swift in Sources */,
				F4D550111A62054000C759F5 /* OAuthSwiftClient.swift in Sources */,
				F4D550131A62054000C759F5 /* OAuthSwiftHTTPRequest.swift in Sources */,
				F4D5500E1A62054000C759F5 /* String+OAuthSwift.swift in Sources */,
				F451E3E6195B8D030051434C /* AppDelegate.swift in Sources */,
				F4D550101A62054000C759F5 /* OAuth2Swift.swift in Sources */,
				F454D53119772AE500354060 /* Constants.swift in Sources */,
				F4D5500D1A62054000C759F5 /* NSURL+OAuthSwift.swift in Sources */,
				F4D550121A62054000C759F5 /* OAuthSwiftCredential.swift in Sources */,
				F4D5500F1A62054000C759F5 /* OAuth1Swift.swift in Sources */,
			);
			runOnlyForDeploymentPostprocessing = 0;
		};
/* End PBXSourcesBuildPhase section */

/* Begin XCBuildConfiguration section */
		F451E3DA195B8CD80051434C /* Debug */ = {
			isa = XCBuildConfiguration;
			buildSettings = {
				ALWAYS_SEARCH_USER_PATHS = NO;
				CLANG_CXX_LANGUAGE_STANDARD = "gnu++0x";
				CLANG_CXX_LIBRARY = "libc++";
				CLANG_ENABLE_MODULES = YES;
				CLANG_ENABLE_OBJC_ARC = YES;
				CLANG_WARN_BOOL_CONVERSION = YES;
				CLANG_WARN_CONSTANT_CONVERSION = YES;
				CLANG_WARN_DIRECT_OBJC_ISA_USAGE = YES_ERROR;
				CLANG_WARN_EMPTY_BODY = YES;
				CLANG_WARN_ENUM_CONVERSION = YES;
				CLANG_WARN_INT_CONVERSION = YES;
				CLANG_WARN_OBJC_ROOT_CLASS = YES_ERROR;
				CLANG_WARN_UNREACHABLE_CODE = YES;
				CLANG_WARN__DUPLICATE_METHOD_MATCH = YES;
				"CODE_SIGN_IDENTITY[sdk=iphoneos*]" = "iPhone Developer";
				COPY_PHASE_STRIP = NO;
				ENABLE_STRICT_OBJC_MSGSEND = YES;
				GCC_C_LANGUAGE_STANDARD = gnu99;
				GCC_DYNAMIC_NO_PIC = NO;
				GCC_OPTIMIZATION_LEVEL = 0;
				GCC_PREPROCESSOR_DEFINITIONS = (
					"DEBUG=1",
					"$(inherited)",
				);
				GCC_SYMBOLS_PRIVATE_EXTERN = NO;
				GCC_WARN_64_TO_32_BIT_CONVERSION = YES;
				GCC_WARN_ABOUT_RETURN_TYPE = YES_ERROR;
				GCC_WARN_UNDECLARED_SELECTOR = YES;
				GCC_WARN_UNINITIALIZED_AUTOS = YES_AGGRESSIVE;
				GCC_WARN_UNUSED_FUNCTION = YES;
				GCC_WARN_UNUSED_VARIABLE = YES;
				IPHONEOS_DEPLOYMENT_TARGET = 8.0;
				METAL_ENABLE_DEBUG_INFO = YES;
				ONLY_ACTIVE_ARCH = YES;
				SDKROOT = iphoneos;
				SWIFT_OPTIMIZATION_LEVEL = "-Onone";
				TARGETED_DEVICE_FAMILY = "1,2";
			};
			name = Debug;
		};
		F451E3DB195B8CD80051434C /* Release */ = {
			isa = XCBuildConfiguration;
			buildSettings = {
				ALWAYS_SEARCH_USER_PATHS = NO;
				CLANG_CXX_LANGUAGE_STANDARD = "gnu++0x";
				CLANG_CXX_LIBRARY = "libc++";
				CLANG_ENABLE_MODULES = YES;
				CLANG_ENABLE_OBJC_ARC = YES;
				CLANG_WARN_BOOL_CONVERSION = YES;
				CLANG_WARN_CONSTANT_CONVERSION = YES;
				CLANG_WARN_DIRECT_OBJC_ISA_USAGE = YES_ERROR;
				CLANG_WARN_EMPTY_BODY = YES;
				CLANG_WARN_ENUM_CONVERSION = YES;
				CLANG_WARN_INT_CONVERSION = YES;
				CLANG_WARN_OBJC_ROOT_CLASS = YES_ERROR;
				CLANG_WARN_UNREACHABLE_CODE = YES;
				CLANG_WARN__DUPLICATE_METHOD_MATCH = YES;
				"CODE_SIGN_IDENTITY[sdk=iphoneos*]" = "iPhone Developer";
				COPY_PHASE_STRIP = YES;
				ENABLE_NS_ASSERTIONS = NO;
				ENABLE_STRICT_OBJC_MSGSEND = YES;
				GCC_C_LANGUAGE_STANDARD = gnu99;
				GCC_WARN_64_TO_32_BIT_CONVERSION = YES;
				GCC_WARN_ABOUT_RETURN_TYPE = YES_ERROR;
				GCC_WARN_UNDECLARED_SELECTOR = YES;
				GCC_WARN_UNINITIALIZED_AUTOS = YES_AGGRESSIVE;
				GCC_WARN_UNUSED_FUNCTION = YES;
				GCC_WARN_UNUSED_VARIABLE = YES;
				IPHONEOS_DEPLOYMENT_TARGET = 8.0;
				METAL_ENABLE_DEBUG_INFO = NO;
				SDKROOT = iphoneos;
				TARGETED_DEVICE_FAMILY = "1,2";
				VALIDATE_PRODUCT = YES;
			};
			name = Release;
		};
		F451E3DD195B8CD80051434C /* Debug */ = {
			isa = XCBuildConfiguration;
			buildSettings = {
				ASSETCATALOG_COMPILER_APPICON_NAME = AppIcon;
				ASSETCATALOG_COMPILER_LAUNCHIMAGE_NAME = LaunchImage;
				INFOPLIST_FILE = OAuthSwiftDemo/Info.plist;
				LD_RUNPATH_SEARCH_PATHS = "$(inherited) @executable_path/Frameworks";
				LIBRARY_SEARCH_PATHS = (
					"$(inherited)",
					"$(SDKROOT)/usr/lib/system",
				);
				PRODUCT_NAME = "$(TARGET_NAME)";
				SWIFT_INCLUDE_PATHS = "";
				SWIFT_OBJC_BRIDGING_HEADER = "OAuthSwiftDemo/OAuthSwift-Bridging-Header.h";
			};
			name = Debug;
		};
		F451E3DE195B8CD80051434C /* Release */ = {
			isa = XCBuildConfiguration;
			buildSettings = {
				ASSETCATALOG_COMPILER_APPICON_NAME = AppIcon;
				ASSETCATALOG_COMPILER_LAUNCHIMAGE_NAME = LaunchImage;
				INFOPLIST_FILE = OAuthSwiftDemo/Info.plist;
				LD_RUNPATH_SEARCH_PATHS = "$(inherited) @executable_path/Frameworks";
				LIBRARY_SEARCH_PATHS = (
					"$(inherited)",
					"$(SDKROOT)/usr/lib/system",
				);
				PRODUCT_NAME = "$(TARGET_NAME)";
				SWIFT_INCLUDE_PATHS = "";
				SWIFT_OBJC_BRIDGING_HEADER = "OAuthSwiftDemo/OAuthSwift-Bridging-Header.h";
			};
			name = Release;
		};
/* End XCBuildConfiguration section */

/* Begin XCConfigurationList section */
		F451E3C0195B8CD80051434C /* Build configuration list for PBXProject "OAuthSwift" */ = {
			isa = XCConfigurationList;
			buildConfigurations = (
				F451E3DA195B8CD80051434C /* Debug */,
				F451E3DB195B8CD80051434C /* Release */,
			);
			defaultConfigurationIsVisible = 0;
			defaultConfigurationName = Release;
		};
		F451E3DC195B8CD80051434C /* Build configuration list for PBXNativeTarget "OAuthSwift" */ = {
			isa = XCConfigurationList;
			buildConfigurations = (
				F451E3DD195B8CD80051434C /* Debug */,
				F451E3DE195B8CD80051434C /* Release */,
			);
			defaultConfigurationIsVisible = 0;
			defaultConfigurationName = Release;
		};
/* End XCConfigurationList section */
	};
	rootObject = F451E3BD195B8CD80051434C /* Project object */;
}
