// !$*UTF8*$!
{
	archiveVersion = 1;
	classes = {
	};
	objectVersion = 46;
	objects = {

/* Begin PBXBuildFile section */
		F43FD6EC195FB03500743458 /* Dictionary+OAuthSwift.swift in Sources */ = {isa = PBXBuildFile; fileRef = F43FD6E9195FB03500743458 /* Dictionary+OAuthSwift.swift */; };
		F43FD6ED195FB03500743458 /* NSURL+OAuthSwift.swift in Sources */ = {isa = PBXBuildFile; fileRef = F43FD6EA195FB03500743458 /* NSURL+OAuthSwift.swift */; };
		F43FD6EE195FB03500743458 /* String+OAuthSwift.swift in Sources */ = {isa = PBXBuildFile; fileRef = F43FD6EB195FB03500743458 /* String+OAuthSwift.swift */; };
		F451E3D9195B8CD80051434C /* OAuthSwiftTests.swift in Sources */ = {isa = PBXBuildFile; fileRef = F451E3D8195B8CD80051434C /* OAuthSwiftTests.swift */; };
		F451E3E6195B8D030051434C /* AppDelegate.swift in Sources */ = {isa = PBXBuildFile; fileRef = F451E3E3195B8D030051434C /* AppDelegate.swift */; };
		F451E3E7195B8D030051434C /* Images.xcassets in Resources */ = {isa = PBXBuildFile; fileRef = F451E3E4195B8D030051434C /* Images.xcassets */; };
		F451E3F6195B8D5B0051434C /* HMACSHA1Signature.m in Sources */ = {isa = PBXBuildFile; fileRef = F451E3EC195B8D5B0051434C /* HMACSHA1Signature.m */; };
		F451E3F8195B8D5B0051434C /* OAuth1Swift.swift in Sources */ = {isa = PBXBuildFile; fileRef = F451E3EE195B8D5B0051434C /* OAuth1Swift.swift */; };
		F451E3F9195B8D5B0051434C /* OAuth2Swift.swift in Sources */ = {isa = PBXBuildFile; fileRef = F451E3EF195B8D5B0051434C /* OAuth2Swift.swift */; };
		F451E3FA195B8D5B0051434C /* OAuthSwiftClient.swift in Sources */ = {isa = PBXBuildFile; fileRef = F451E3F1195B8D5B0051434C /* OAuthSwiftClient.swift */; };
		F451E3FB195B8D5B0051434C /* OAuthSwiftCredential.swift in Sources */ = {isa = PBXBuildFile; fileRef = F451E3F2195B8D5B0051434C /* OAuthSwiftCredential.swift */; };
		F451E3FC195B8D5B0051434C /* OAuthSwiftHTTPRequest.swift in Sources */ = {isa = PBXBuildFile; fileRef = F451E3F3195B8D5B0051434C /* OAuthSwiftHTTPRequest.swift */; };
		F451E3FF195B8E910051434C /* ViewController.swift in Sources */ = {isa = PBXBuildFile; fileRef = F451E3FE195B8E910051434C /* ViewController.swift */; };
		F454D53119772AE500354060 /* Constants.swift in Sources */ = {isa = PBXBuildFile; fileRef = F454D53019772AE500354060 /* Constants.swift */; };
/* End PBXBuildFile section */

/* Begin PBXContainerItemProxy section */
		F4187F0319772873000B1137 /* PBXContainerItemProxy */ = {
			isa = PBXContainerItemProxy;
			containerPortal = F451E3BD195B8CD80051434C /* Project object */;
			proxyType = 1;
			remoteGlobalIDString = F451E3C4195B8CD80051434C;
			remoteInfo = OAuthSwift;
		};
		F4187F0519772873000B1137 /* PBXContainerItemProxy */ = {
			isa = PBXContainerItemProxy;
			containerPortal = F451E3BD195B8CD80051434C /* Project object */;
			proxyType = 1;
			remoteGlobalIDString = F451E3C4195B8CD80051434C;
			remoteInfo = OAuthSwift;
		};
		F41E4AFC1983CD2F007B3217 /* PBXContainerItemProxy */ = {
			isa = PBXContainerItemProxy;
			containerPortal = F451E3BD195B8CD80051434C /* Project object */;
			proxyType = 1;
			remoteGlobalIDString = F451E3C4195B8CD80051434C;
			remoteInfo = OAuthSwift;
		};
		F451E3D3195B8CD80051434C /* PBXContainerItemProxy */ = {
			isa = PBXContainerItemProxy;
			containerPortal = F451E3BD195B8CD80051434C /* Project object */;
			proxyType = 1;
			remoteGlobalIDString = F451E3C4195B8CD80051434C;
			remoteInfo = OAuthSwift;
		};
/* End PBXContainerItemProxy section */

/* Begin PBXFileReference section */
		F43FD6E9195FB03500743458 /* Dictionary+OAuthSwift.swift */ = {isa = PBXFileReference; fileEncoding = 4; lastKnownFileType = sourcecode.swift; path = "Dictionary+OAuthSwift.swift"; sourceTree = "<group>"; };
		F43FD6EA195FB03500743458 /* NSURL+OAuthSwift.swift */ = {isa = PBXFileReference; fileEncoding = 4; lastKnownFileType = sourcecode.swift; path = "NSURL+OAuthSwift.swift"; sourceTree = "<group>"; };
		F43FD6EB195FB03500743458 /* String+OAuthSwift.swift */ = {isa = PBXFileReference; fileEncoding = 4; lastKnownFileType = sourcecode.swift; path = "String+OAuthSwift.swift"; sourceTree = "<group>"; };
		F451E3C5195B8CD80051434C /* OAuthSwift.app */ = {isa = PBXFileReference; explicitFileType = wrapper.application; includeInIndex = 0; path = OAuthSwift.app; sourceTree = BUILT_PRODUCTS_DIR; };
		F451E3D2195B8CD80051434C /* OAuthSwiftTests.xctest */ = {isa = PBXFileReference; explicitFileType = wrapper.cfbundle; includeInIndex = 0; path = OAuthSwiftTests.xctest; sourceTree = BUILT_PRODUCTS_DIR; };
		F451E3D7195B8CD80051434C /* Info.plist */ = {isa = PBXFileReference; lastKnownFileType = text.plist.xml; path = Info.plist; sourceTree = "<group>"; };
		F451E3D8195B8CD80051434C /* OAuthSwiftTests.swift */ = {isa = PBXFileReference; lastKnownFileType = sourcecode.swift; path = OAuthSwiftTests.swift; sourceTree = "<group>"; };
		F451E3E3195B8D030051434C /* AppDelegate.swift */ = {isa = PBXFileReference; fileEncoding = 4; lastKnownFileType = sourcecode.swift; path = AppDelegate.swift; sourceTree = "<group>"; };
		F451E3E4195B8D030051434C /* Images.xcassets */ = {isa = PBXFileReference; lastKnownFileType = folder.assetcatalog; path = Images.xcassets; sourceTree = "<group>"; };
		F451E3E5195B8D030051434C /* Info.plist */ = {isa = PBXFileReference; fileEncoding = 4; lastKnownFileType = text.plist.xml; path = Info.plist; sourceTree = "<group>"; };
		F451E3EB195B8D5B0051434C /* HMACSHA1Signature.h */ = {isa = PBXFileReference; fileEncoding = 4; lastKnownFileType = sourcecode.c.h; path = HMACSHA1Signature.h; sourceTree = "<group>"; };
		F451E3EC195B8D5B0051434C /* HMACSHA1Signature.m */ = {isa = PBXFileReference; fileEncoding = 4; lastKnownFileType = sourcecode.c.objc; path = HMACSHA1Signature.m; sourceTree = "<group>"; };
		F451E3EE195B8D5B0051434C /* OAuth1Swift.swift */ = {isa = PBXFileReference; fileEncoding = 4; lastKnownFileType = sourcecode.swift; path = OAuth1Swift.swift; sourceTree = "<group>"; };
		F451E3EF195B8D5B0051434C /* OAuth2Swift.swift */ = {isa = PBXFileReference; fileEncoding = 4; lastKnownFileType = sourcecode.swift; path = OAuth2Swift.swift; sourceTree = "<group>"; };
		F451E3F0195B8D5B0051434C /* OAuthSwift-Bridging-Header.h */ = {isa = PBXFileReference; fileEncoding = 4; lastKnownFileType = sourcecode.c.h; path = "OAuthSwift-Bridging-Header.h"; sourceTree = "<group>"; };
		F451E3F1195B8D5B0051434C /* OAuthSwiftClient.swift */ = {isa = PBXFileReference; fileEncoding = 4; lastKnownFileType = sourcecode.swift; path = OAuthSwiftClient.swift; sourceTree = "<group>"; };
		F451E3F2195B8D5B0051434C /* OAuthSwiftCredential.swift */ = {isa = PBXFileReference; fileEncoding = 4; lastKnownFileType = sourcecode.swift; path = OAuthSwiftCredential.swift; sourceTree = "<group>"; };
		F451E3F3195B8D5B0051434C /* OAuthSwiftHTTPRequest.swift */ = {isa = PBXFileReference; fileEncoding = 4; lastKnownFileType = sourcecode.swift; path = OAuthSwiftHTTPRequest.swift; sourceTree = "<group>"; };
		F451E3FE195B8E910051434C /* ViewController.swift */ = {isa = PBXFileReference; fileEncoding = 4; lastKnownFileType = sourcecode.swift; path = ViewController.swift; sourceTree = "<group>"; };
		F454D53019772AE500354060 /* Constants.swift */ = {isa = PBXFileReference; fileEncoding = 4; lastKnownFileType = sourcecode.swift; path = Constants.swift; sourceTree = "<group>"; };
/* End PBXFileReference section */

/* Begin PBXFrameworksBuildPhase section */
		F451E3C2195B8CD80051434C /* Frameworks */ = {
			isa = PBXFrameworksBuildPhase;
			buildActionMask = 2147483647;
			files = (
			);
			runOnlyForDeploymentPostprocessing = 0;
		};
		F451E3CF195B8CD80051434C /* Frameworks */ = {
			isa = PBXFrameworksBuildPhase;
			buildActionMask = 2147483647;
			files = (
			);
			runOnlyForDeploymentPostprocessing = 0;
		};
/* End PBXFrameworksBuildPhase section */

/* Begin PBXGroup section */
		F43FD6E8195FB03500743458 /* extension */ = {
			isa = PBXGroup;
			children = (
				F43FD6E9195FB03500743458 /* Dictionary+OAuthSwift.swift */,
				F43FD6EA195FB03500743458 /* NSURL+OAuthSwift.swift */,
				F43FD6EB195FB03500743458 /* String+OAuthSwift.swift */,
			);
			path = extension;
			sourceTree = "<group>";
		};
		F451E3BC195B8CD80051434C = {
			isa = PBXGroup;
			children = (
				F451E3E9195B8D5B0051434C /* OAuthSwift */,
				F451E3E2195B8D030051434C /* OAuthSwiftDemo */,
				F451E3D5195B8CD80051434C /* OAuthSwiftTests */,
				F451E3C6195B8CD80051434C /* Products */,
			);
			sourceTree = "<group>";
		};
		F451E3C6195B8CD80051434C /* Products */ = {
			isa = PBXGroup;
			children = (
				F451E3C5195B8CD80051434C /* OAuthSwift.app */,
				F451E3D2195B8CD80051434C /* OAuthSwiftTests.xctest */,
			);
			name = Products;
			sourceTree = "<group>";
		};
		F451E3D5195B8CD80051434C /* OAuthSwiftTests */ = {
			isa = PBXGroup;
			children = (
				F451E3D8195B8CD80051434C /* OAuthSwiftTests.swift */,
				F451E3D6195B8CD80051434C /* Supporting Files */,
			);
			path = OAuthSwiftTests;
			sourceTree = "<group>";
		};
		F451E3D6195B8CD80051434C /* Supporting Files */ = {
			isa = PBXGroup;
			children = (
				F451E3D7195B8CD80051434C /* Info.plist */,
			);
			name = "Supporting Files";
			sourceTree = "<group>";
		};
		F451E3E2195B8D030051434C /* OAuthSwiftDemo */ = {
			isa = PBXGroup;
			children = (
				F451E3E3195B8D030051434C /* AppDelegate.swift */,
				F451E3FE195B8E910051434C /* ViewController.swift */,
				F454D53019772AE500354060 /* Constants.swift */,
				F451E3E4195B8D030051434C /* Images.xcassets */,
				F451E3E5195B8D030051434C /* Info.plist */,
			);
			path = OAuthSwiftDemo;
			sourceTree = "<group>";
		};
		F451E3E9195B8D5B0051434C /* OAuthSwift */ = {
			isa = PBXGroup;
			children = (
				F43FD6E8195FB03500743458 /* extension */,
				F451E3EE195B8D5B0051434C /* OAuth1Swift.swift */,
				F451E3EF195B8D5B0051434C /* OAuth2Swift.swift */,
				F451E3F1195B8D5B0051434C /* OAuthSwiftClient.swift */,
				F451E3F2195B8D5B0051434C /* OAuthSwiftCredential.swift */,
				F451E3F3195B8D5B0051434C /* OAuthSwiftHTTPRequest.swift */,
				F451E3EB195B8D5B0051434C /* HMACSHA1Signature.h */,
				F451E3EC195B8D5B0051434C /* HMACSHA1Signature.m */,
				F451E3F0195B8D5B0051434C /* OAuthSwift-Bridging-Header.h */,
			);
			path = OAuthSwift;
			sourceTree = "<group>";
		};
/* End PBXGroup section */

/* Begin PBXNativeTarget section */
		F451E3C4195B8CD80051434C /* OAuthSwift */ = {
			isa = PBXNativeTarget;
			buildConfigurationList = F451E3DC195B8CD80051434C /* Build configuration list for PBXNativeTarget "OAuthSwift" */;
			buildPhases = (
				F451E3C1195B8CD80051434C /* Sources */,
				F451E3C2195B8CD80051434C /* Frameworks */,
				F451E3C3195B8CD80051434C /* Resources */,
			);
			buildRules = (
			);
			dependencies = (
			);
			name = OAuthSwift;
			productName = OAuthSwift;
			productReference = F451E3C5195B8CD80051434C /* OAuthSwift.app */;
			productType = "com.apple.product-type.application";
		};
		F451E3D1195B8CD80051434C /* OAuthSwiftTests */ = {
			isa = PBXNativeTarget;
			buildConfigurationList = F451E3DF195B8CD80051434C /* Build configuration list for PBXNativeTarget "OAuthSwiftTests" */;
			buildPhases = (
				F451E3CE195B8CD80051434C /* Sources */,
				F451E3CF195B8CD80051434C /* Frameworks */,
				F451E3D0195B8CD80051434C /* Resources */,
			);
			buildRules = (
			);
			dependencies = (
				F451E3D4195B8CD80051434C /* PBXTargetDependency */,
				F4187F0419772873000B1137 /* PBXTargetDependency */,
				F4187F0619772873000B1137 /* PBXTargetDependency */,
				F41E4AFD1983CD2F007B3217 /* PBXTargetDependency */,
			);
			name = OAuthSwiftTests;
			productName = OAuthSwiftTests;
			productReference = F451E3D2195B8CD80051434C /* OAuthSwiftTests.xctest */;
			productType = "com.apple.product-type.bundle.unit-test";
		};
/* End PBXNativeTarget section */

/* Begin PBXProject section */
		F451E3BD195B8CD80051434C /* Project object */ = {
			isa = PBXProject;
			attributes = {
				LastUpgradeCheck = 0600;
				ORGANIZATIONNAME = "Dongri Jin";
				TargetAttributes = {
					F451E3C4195B8CD80051434C = {
						CreatedOnToolsVersion = 6.0;
					};
					F451E3D1195B8CD80051434C = {
						CreatedOnToolsVersion = 6.0;
						TestTargetID = F451E3C4195B8CD80051434C;
					};
				};
			};
			buildConfigurationList = F451E3C0195B8CD80051434C /* Build configuration list for PBXProject "OAuthSwift" */;
			compatibilityVersion = "Xcode 3.2";
			developmentRegion = English;
			hasScannedForEncodings = 0;
			knownRegions = (
				en,
			);
			mainGroup = F451E3BC195B8CD80051434C;
			productRefGroup = F451E3C6195B8CD80051434C /* Products */;
			projectDirPath = "";
			projectRoot = "";
			targets = (
				F451E3C4195B8CD80051434C /* OAuthSwift */,
				F451E3D1195B8CD80051434C /* OAuthSwiftTests */,
			);
		};
/* End PBXProject section */

/* Begin PBXResourcesBuildPhase section */
		F451E3C3195B8CD80051434C /* Resources */ = {
			isa = PBXResourcesBuildPhase;
			buildActionMask = 2147483647;
			files = (
				F451E3E7195B8D030051434C /* Images.xcassets in Resources */,
			);
			runOnlyForDeploymentPostprocessing = 0;
		};
		F451E3D0195B8CD80051434C /* Resources */ = {
			isa = PBXResourcesBuildPhase;
			buildActionMask = 2147483647;
			files = (
			);
			runOnlyForDeploymentPostprocessing = 0;
		};
/* End PBXResourcesBuildPhase section */

/* Begin PBXSourcesBuildPhase section */
		F451E3C1195B8CD80051434C /* Sources */ = {
			isa = PBXSourcesBuildPhase;
			buildActionMask = 2147483647;
			files = (
				F451E3FC195B8D5B0051434C /* OAuthSwiftHTTPRequest.swift in Sources */,
				F451E3F8195B8D5B0051434C /* OAuth1Swift.swift in Sources */,
				F451E3F6195B8D5B0051434C /* HMACSHA1Signature.m in Sources */,
				F43FD6EE195FB03500743458 /* String+OAuthSwift.swift in Sources */,
				F451E3FF195B8E910051434C /* ViewController.swift in Sources */,
				F43FD6ED195FB03500743458 /* NSURL+OAuthSwift.swift in Sources */,
				F451E3F9195B8D5B0051434C /* OAuth2Swift.swift in Sources */,
				F451E3E6195B8D030051434C /* AppDelegate.swift in Sources */,
				F451E3FB195B8D5B0051434C /* OAuthSwiftCredential.swift in Sources */,
				F451E3FA195B8D5B0051434C /* OAuthSwiftClient.swift in Sources */,
				F43FD6EC195FB03500743458 /* Dictionary+OAuthSwift.swift in Sources */,
				F454D53119772AE500354060 /* Constants.swift in Sources */,
			);
			runOnlyForDeploymentPostprocessing = 0;
		};
		F451E3CE195B8CD80051434C /* Sources */ = {
			isa = PBXSourcesBuildPhase;
			buildActionMask = 2147483647;
			files = (
				F451E3D9195B8CD80051434C /* OAuthSwiftTests.swift in Sources */,
			);
			runOnlyForDeploymentPostprocessing = 0;
		};
/* End PBXSourcesBuildPhase section */

/* Begin PBXTargetDependency section */
		F4187F0419772873000B1137 /* PBXTargetDependency */ = {
			isa = PBXTargetDependency;
			target = F451E3C4195B8CD80051434C /* OAuthSwift */;
			targetProxy = F4187F0319772873000B1137 /* PBXContainerItemProxy */;
		};
		F4187F0619772873000B1137 /* PBXTargetDependency */ = {
			isa = PBXTargetDependency;
			target = F451E3C4195B8CD80051434C /* OAuthSwift */;
			targetProxy = F4187F0519772873000B1137 /* PBXContainerItemProxy */;
		};
		F41E4AFD1983CD2F007B3217 /* PBXTargetDependency */ = {
			isa = PBXTargetDependency;
			target = F451E3C4195B8CD80051434C /* OAuthSwift */;
			targetProxy = F41E4AFC1983CD2F007B3217 /* PBXContainerItemProxy */;
		};
		F451E3D4195B8CD80051434C /* PBXTargetDependency */ = {
			isa = PBXTargetDependency;
			target = F451E3C4195B8CD80051434C /* OAuthSwift */;
			targetProxy = F451E3D3195B8CD80051434C /* PBXContainerItemProxy */;
		};
/* End PBXTargetDependency section */

/* Begin XCBuildConfiguration section */
		F451E3DA195B8CD80051434C /* Debug */ = {
			isa = XCBuildConfiguration;
			buildSettings = {
				ALWAYS_SEARCH_USER_PATHS = NO;
				CLANG_CXX_LANGUAGE_STANDARD = "gnu++0x";
				CLANG_CXX_LIBRARY = "libc++";
				CLANG_ENABLE_MODULES = YES;
				CLANG_ENABLE_OBJC_ARC = YES;
				CLANG_WARN_BOOL_CONVERSION = YES;
				CLANG_WARN_CONSTANT_CONVERSION = YES;
				CLANG_WARN_DIRECT_OBJC_ISA_USAGE = YES_ERROR;
				CLANG_WARN_EMPTY_BODY = YES;
				CLANG_WARN_ENUM_CONVERSION = YES;
				CLANG_WARN_INT_CONVERSION = YES;
				CLANG_WARN_OBJC_ROOT_CLASS = YES_ERROR;
				CLANG_WARN_UNREACHABLE_CODE = YES;
				CLANG_WARN__DUPLICATE_METHOD_MATCH = YES;
				"CODE_SIGN_IDENTITY[sdk=iphoneos*]" = "iPhone Developer";
				COPY_PHASE_STRIP = NO;
				ENABLE_STRICT_OBJC_MSGSEND = YES;
				GCC_C_LANGUAGE_STANDARD = gnu99;
				GCC_DYNAMIC_NO_PIC = NO;
				GCC_OPTIMIZATION_LEVEL = 0;
				GCC_PREPROCESSOR_DEFINITIONS = (
					"DEBUG=1",
					"$(inherited)",
				);
				GCC_SYMBOLS_PRIVATE_EXTERN = NO;
				GCC_WARN_64_TO_32_BIT_CONVERSION = YES;
				GCC_WARN_ABOUT_RETURN_TYPE = YES_ERROR;
				GCC_WARN_UNDECLARED_SELECTOR = YES;
				GCC_WARN_UNINITIALIZED_AUTOS = YES_AGGRESSIVE;
				GCC_WARN_UNUSED_FUNCTION = YES;
				GCC_WARN_UNUSED_VARIABLE = YES;
				IPHONEOS_DEPLOYMENT_TARGET = 8.0;
				METAL_ENABLE_DEBUG_INFO = YES;
				ONLY_ACTIVE_ARCH = YES;
				SDKROOT = iphoneos;
				SWIFT_OPTIMIZATION_LEVEL = "-Onone";
				TARGETED_DEVICE_FAMILY = "1,2";
			};
			name = Debug;
		};
		F451E3DB195B8CD80051434C /* Release */ = {
			isa = XCBuildConfiguration;
			buildSettings = {
				ALWAYS_SEARCH_USER_PATHS = NO;
				CLANG_CXX_LANGUAGE_STANDARD = "gnu++0x";
				CLANG_CXX_LIBRARY = "libc++";
				CLANG_ENABLE_MODULES = YES;
				CLANG_ENABLE_OBJC_ARC = YES;
				CLANG_WARN_BOOL_CONVERSION = YES;
				CLANG_WARN_CONSTANT_CONVERSION = YES;
				CLANG_WARN_DIRECT_OBJC_ISA_USAGE = YES_ERROR;
				CLANG_WARN_EMPTY_BODY = YES;
				CLANG_WARN_ENUM_CONVERSION = YES;
				CLANG_WARN_INT_CONVERSION = YES;
				CLANG_WARN_OBJC_ROOT_CLASS = YES_ERROR;
				CLANG_WARN_UNREACHABLE_CODE = YES;
				CLANG_WARN__DUPLICATE_METHOD_MATCH = YES;
				"CODE_SIGN_IDENTITY[sdk=iphoneos*]" = "iPhone Developer";
				COPY_PHASE_STRIP = YES;
				ENABLE_NS_ASSERTIONS = NO;
				ENABLE_STRICT_OBJC_MSGSEND = YES;
				GCC_C_LANGUAGE_STANDARD = gnu99;
				GCC_WARN_64_TO_32_BIT_CONVERSION = YES;
				GCC_WARN_ABOUT_RETURN_TYPE = YES_ERROR;
				GCC_WARN_UNDECLARED_SELECTOR = YES;
				GCC_WARN_UNINITIALIZED_AUTOS = YES_AGGRESSIVE;
				GCC_WARN_UNUSED_FUNCTION = YES;
				GCC_WARN_UNUSED_VARIABLE = YES;
				IPHONEOS_DEPLOYMENT_TARGET = 8.0;
				METAL_ENABLE_DEBUG_INFO = NO;
				SDKROOT = iphoneos;
				TARGETED_DEVICE_FAMILY = "1,2";
				VALIDATE_PRODUCT = YES;
			};
			name = Release;
		};
		F451E3DD195B8CD80051434C /* Debug */ = {
			isa = XCBuildConfiguration;
			buildSettings = {
				ASSETCATALOG_COMPILER_APPICON_NAME = AppIcon;
				ASSETCATALOG_COMPILER_LAUNCHIMAGE_NAME = LaunchImage;
				INFOPLIST_FILE = OAuthSwiftDemo/Info.plist;
				LD_RUNPATH_SEARCH_PATHS = "$(inherited) @executable_path/Frameworks";
				PRODUCT_NAME = "$(TARGET_NAME)";
				SWIFT_OBJC_BRIDGING_HEADER = "OAuthSwift/OAuthSwift-Bridging-Header.h";
			};
			name = Debug;
		};
		F451E3DE195B8CD80051434C /* Release */ = {
			isa = XCBuildConfiguration;
			buildSettings = {
				ASSETCATALOG_COMPILER_APPICON_NAME = AppIcon;
				ASSETCATALOG_COMPILER_LAUNCHIMAGE_NAME = LaunchImage;
				INFOPLIST_FILE = OAuthSwiftDemo/Info.plist;
				LD_RUNPATH_SEARCH_PATHS = "$(inherited) @executable_path/Frameworks";
				PRODUCT_NAME = "$(TARGET_NAME)";
				SWIFT_OBJC_BRIDGING_HEADER = "OAuthSwift/OAuthSwift-Bridging-Header.h";
			};
			name = Release;
		};
		F451E3E0195B8CD80051434C /* Debug */ = {
			isa = XCBuildConfiguration;
			buildSettings = {
				BUNDLE_LOADER = "$(BUILT_PRODUCTS_DIR)/OAuthSwift.app/OAuthSwift";
				FRAMEWORK_SEARCH_PATHS = (
					"$(SDKROOT)/Developer/Library/Frameworks",
					"$(inherited)",
				);
				GCC_PREPROCESSOR_DEFINITIONS = (
					"DEBUG=1",
					"$(inherited)",
				);
				INFOPLIST_FILE = OAuthSwiftTests/Info.plist;
				LD_RUNPATH_SEARCH_PATHS = "$(inherited) @executable_path/Frameworks @loader_path/Frameworks";
				METAL_ENABLE_DEBUG_INFO = YES;
				PRODUCT_NAME = "$(TARGET_NAME)";
				TEST_HOST = "$(BUNDLE_LOADER)";
			};
			name = Debug;
		};
		F451E3E1195B8CD80051434C /* Release */ = {
			isa = XCBuildConfiguration;
			buildSettings = {
				BUNDLE_LOADER = "$(BUILT_PRODUCTS_DIR)/OAuthSwift.app/OAuthSwift";
				FRAMEWORK_SEARCH_PATHS = (
					"$(SDKROOT)/Developer/Library/Frameworks",
					"$(inherited)",
				);
				INFOPLIST_FILE = OAuthSwiftTests/Info.plist;
				LD_RUNPATH_SEARCH_PATHS = "$(inherited) @executable_path/Frameworks @loader_path/Frameworks";
				METAL_ENABLE_DEBUG_INFO = NO;
				PRODUCT_NAME = "$(TARGET_NAME)";
				TEST_HOST = "$(BUNDLE_LOADER)";
			};
			name = Release;
		};
/* End XCBuildConfiguration section */

/* Begin XCConfigurationList section */
		F451E3C0195B8CD80051434C /* Build configuration list for PBXProject "OAuthSwift" */ = {
			isa = XCConfigurationList;
			buildConfigurations = (
				F451E3DA195B8CD80051434C /* Debug */,
				F451E3DB195B8CD80051434C /* Release */,
			);
			defaultConfigurationIsVisible = 0;
			defaultConfigurationName = Release;
		};
		F451E3DC195B8CD80051434C /* Build configuration list for PBXNativeTarget "OAuthSwift" */ = {
			isa = XCConfigurationList;
			buildConfigurations = (
				F451E3DD195B8CD80051434C /* Debug */,
				F451E3DE195B8CD80051434C /* Release */,
			);
			defaultConfigurationIsVisible = 0;
			defaultConfigurationName = Release;
		};
		F451E3DF195B8CD80051434C /* Build configuration list for PBXNativeTarget "OAuthSwiftTests" */ = {
			isa = XCConfigurationList;
			buildConfigurations = (
				F451E3E0195B8CD80051434C /* Debug */,
				F451E3E1195B8CD80051434C /* Release */,
			);
			defaultConfigurationIsVisible = 0;
			defaultConfigurationName = Release;
		};
/* End XCConfigurationList section */
	};
	rootObject = F451E3BD195B8CD80051434C /* Project object */;
}
